
Microsoft Visual Studio Solution File, Format Version 12.00
# Visual Studio 14
VisualStudioVersion = 14.0.25420.1
MinimumVisualStudioVersion = 10.0.40219.1
Project("{2150E333-8FDC-42A3-9474-1A3956D46DE8}") = ".nuget", ".nuget", "{42C1BFFC-F41C-4D73-81FC-C4E03E7623DD}"
	ProjectSection(SolutionItems) = preProject
		.nuget\packages.config = .nuget\packages.config
	EndProjectSection
EndProject
Project("{FAE04EC0-301F-11D3-BF4B-00C04F79EFBC}") = "Web", "Web\Web.csproj", "{CEA262FE-6E1D-409E-BF0B-C0EE601FD401}"
EndProject
Project("{FAE04EC0-301F-11D3-BF4B-00C04F79EFBC}") = "OrleansSilo", "OrleansSilo\OrleansSilo.csproj", "{497547A0-5171-4848-9818-AC14CAEB9F1D}"
EndProject
Project("{FAE04EC0-301F-11D3-BF4B-00C04F79EFBC}") = "ServiceCommon", "ServiceCommon\ServiceCommon.csproj", "{6DEDA797-4736-4642-8361-234386ACDD81}"
EndProject
Project("{CC5FD16D-436D-48AD-A40C-5A424C6E3E79}") = "CloudService", "CloudService\CloudService.ccproj", "{9D372804-2D9D-41A3-95DD-E5982F83EAAC}"
EndProject
Project("{FAE04EC0-301F-11D3-BF4B-00C04F79EFBC}") = "Console", "Console\Console.csproj", "{371E40C9-7F6F-4410-B478-318004ABA4B7}"
EndProject
Project("{FAE04EC0-301F-11D3-BF4B-00C04F79EFBC}") = "Yams", "Yams\Yams.csproj", "{4A708695-065F-46F9-AB90-82BF14B10439}"
EndProject
Project("{FAE04EC0-301F-11D3-BF4B-00C04F79EFBC}") = "Deploy", "Deploy\Deploy.csproj", "{8C67DF8D-304A-4E7E-9211-12EBE5880960}"
EndProject
Project("{FAE04EC0-301F-11D3-BF4B-00C04F79EFBC}") = "LogRetriever", "LogRetriever\LogRetriever.csproj", "{C436AE48-EC96-480C-8247-4B4EA17A9327}"
EndProject
Project("{2150E333-8FDC-42A3-9474-1A3956D46DE8}") = "Infrastructure", "Infrastructure", "{50FA0D1A-3A39-4CAF-AA1B-5F2EF3A99F83}"
EndProject
Project("{FAE04EC0-301F-11D3-BF4B-00C04F79EFBC}") = "DataMunger", "DataMunger\DataMunger.csproj", "{E7C3BE5F-9475-4221-AFDF-C5B19F262DDE}"
EndProject
Global
	GlobalSection(SolutionConfigurationPlatforms) = preSolution
		Debug|Any CPU = Debug|Any CPU
		Debug|ARM = Debug|ARM
		Debug|x64 = Debug|x64
		Debug|x86 = Debug|x86
		Release|Any CPU = Release|Any CPU
		Release|ARM = Release|ARM
		Release|x64 = Release|x64
		Release|x86 = Release|x86
	EndGlobalSection
	GlobalSection(ProjectConfigurationPlatforms) = postSolution
		{CEA262FE-6E1D-409E-BF0B-C0EE601FD401}.Debug|Any CPU.ActiveCfg = Debug|Any CPU
		{CEA262FE-6E1D-409E-BF0B-C0EE601FD401}.Debug|Any CPU.Build.0 = Debug|Any CPU
		{CEA262FE-6E1D-409E-BF0B-C0EE601FD401}.Debug|ARM.ActiveCfg = Debug|Any CPU
		{CEA262FE-6E1D-409E-BF0B-C0EE601FD401}.Debug|ARM.Build.0 = Debug|Any CPU
		{CEA262FE-6E1D-409E-BF0B-C0EE601FD401}.Debug|x64.ActiveCfg = Debug|Any CPU
		{CEA262FE-6E1D-409E-BF0B-C0EE601FD401}.Debug|x64.Build.0 = Debug|Any CPU
		{CEA262FE-6E1D-409E-BF0B-C0EE601FD401}.Debug|x86.ActiveCfg = Debug|Any CPU
		{CEA262FE-6E1D-409E-BF0B-C0EE601FD401}.Debug|x86.Build.0 = Debug|Any CPU
		{CEA262FE-6E1D-409E-BF0B-C0EE601FD401}.Release|Any CPU.ActiveCfg = Release|Any CPU
		{CEA262FE-6E1D-409E-BF0B-C0EE601FD401}.Release|Any CPU.Build.0 = Release|Any CPU
		{CEA262FE-6E1D-409E-BF0B-C0EE601FD401}.Release|ARM.ActiveCfg = Release|Any CPU
		{CEA262FE-6E1D-409E-BF0B-C0EE601FD401}.Release|ARM.Build.0 = Release|Any CPU
		{CEA262FE-6E1D-409E-BF0B-C0EE601FD401}.Release|x64.ActiveCfg = Release|Any CPU
		{CEA262FE-6E1D-409E-BF0B-C0EE601FD401}.Release|x64.Build.0 = Release|Any CPU
		{CEA262FE-6E1D-409E-BF0B-C0EE601FD401}.Release|x86.ActiveCfg = Release|Any CPU
		{CEA262FE-6E1D-409E-BF0B-C0EE601FD401}.Release|x86.Build.0 = Release|Any CPU
		{497547A0-5171-4848-9818-AC14CAEB9F1D}.Debug|Any CPU.ActiveCfg = Debug|Any CPU
		{497547A0-5171-4848-9818-AC14CAEB9F1D}.Debug|Any CPU.Build.0 = Debug|Any CPU
		{497547A0-5171-4848-9818-AC14CAEB9F1D}.Debug|ARM.ActiveCfg = Debug|Any CPU
		{497547A0-5171-4848-9818-AC14CAEB9F1D}.Debug|ARM.Build.0 = Debug|Any CPU
		{497547A0-5171-4848-9818-AC14CAEB9F1D}.Debug|x64.ActiveCfg = Debug|Any CPU
		{497547A0-5171-4848-9818-AC14CAEB9F1D}.Debug|x64.Build.0 = Debug|Any CPU
		{497547A0-5171-4848-9818-AC14CAEB9F1D}.Debug|x86.ActiveCfg = Debug|Any CPU
		{497547A0-5171-4848-9818-AC14CAEB9F1D}.Debug|x86.Build.0 = Debug|Any CPU
		{497547A0-5171-4848-9818-AC14CAEB9F1D}.Release|Any CPU.ActiveCfg = Release|Any CPU
		{497547A0-5171-4848-9818-AC14CAEB9F1D}.Release|Any CPU.Build.0 = Release|Any CPU
		{497547A0-5171-4848-9818-AC14CAEB9F1D}.Release|ARM.ActiveCfg = Release|Any CPU
		{497547A0-5171-4848-9818-AC14CAEB9F1D}.Release|ARM.Build.0 = Release|Any CPU
		{497547A0-5171-4848-9818-AC14CAEB9F1D}.Release|x64.ActiveCfg = Release|Any CPU
		{497547A0-5171-4848-9818-AC14CAEB9F1D}.Release|x64.Build.0 = Release|Any CPU
		{497547A0-5171-4848-9818-AC14CAEB9F1D}.Release|x86.ActiveCfg = Release|Any CPU
		{497547A0-5171-4848-9818-AC14CAEB9F1D}.Release|x86.Build.0 = Release|Any CPU
		{6DEDA797-4736-4642-8361-234386ACDD81}.Debug|Any CPU.ActiveCfg = Debug|Any CPU
		{6DEDA797-4736-4642-8361-234386ACDD81}.Debug|Any CPU.Build.0 = Debug|Any CPU
		{6DEDA797-4736-4642-8361-234386ACDD81}.Debug|ARM.ActiveCfg = Debug|Any CPU
		{6DEDA797-4736-4642-8361-234386ACDD81}.Debug|ARM.Build.0 = Debug|Any CPU
		{6DEDA797-4736-4642-8361-234386ACDD81}.Debug|x64.ActiveCfg = Debug|x64
		{6DEDA797-4736-4642-8361-234386ACDD81}.Debug|x64.Build.0 = Debug|x64
		{6DEDA797-4736-4642-8361-234386ACDD81}.Debug|x86.ActiveCfg = Debug|Any CPU
		{6DEDA797-4736-4642-8361-234386ACDD81}.Debug|x86.Build.0 = Debug|Any CPU
		{6DEDA797-4736-4642-8361-234386ACDD81}.Release|Any CPU.ActiveCfg = Release|Any CPU
		{6DEDA797-4736-4642-8361-234386ACDD81}.Release|Any CPU.Build.0 = Release|Any CPU
		{6DEDA797-4736-4642-8361-234386ACDD81}.Release|ARM.ActiveCfg = Release|Any CPU
		{6DEDA797-4736-4642-8361-234386ACDD81}.Release|ARM.Build.0 = Release|Any CPU
		{6DEDA797-4736-4642-8361-234386ACDD81}.Release|x64.ActiveCfg = Release|x64
		{6DEDA797-4736-4642-8361-234386ACDD81}.Release|x64.Build.0 = Release|x64
		{6DEDA797-4736-4642-8361-234386ACDD81}.Release|x86.ActiveCfg = Release|Any CPU
		{6DEDA797-4736-4642-8361-234386ACDD81}.Release|x86.Build.0 = Release|Any CPU
		{9D372804-2D9D-41A3-95DD-E5982F83EAAC}.Debug|Any CPU.ActiveCfg = Debug|Any CPU
		{9D372804-2D9D-41A3-95DD-E5982F83EAAC}.Debug|Any CPU.Build.0 = Debug|Any CPU
		{9D372804-2D9D-41A3-95DD-E5982F83EAAC}.Debug|Any CPU.Deploy.0 = Debug|Any CPU
		{9D372804-2D9D-41A3-95DD-E5982F83EAAC}.Debug|ARM.ActiveCfg = Debug|Any CPU
		{9D372804-2D9D-41A3-95DD-E5982F83EAAC}.Debug|ARM.Build.0 = Debug|Any CPU
		{9D372804-2D9D-41A3-95DD-E5982F83EAAC}.Debug|x64.ActiveCfg = Debug|Any CPU
		{9D372804-2D9D-41A3-95DD-E5982F83EAAC}.Debug|x64.Build.0 = Debug|Any CPU
		{9D372804-2D9D-41A3-95DD-E5982F83EAAC}.Debug|x86.ActiveCfg = Debug|Any CPU
		{9D372804-2D9D-41A3-95DD-E5982F83EAAC}.Debug|x86.Build.0 = Debug|Any CPU
		{9D372804-2D9D-41A3-95DD-E5982F83EAAC}.Release|Any CPU.ActiveCfg = Release|Any CPU
		{9D372804-2D9D-41A3-95DD-E5982F83EAAC}.Release|Any CPU.Build.0 = Release|Any CPU
		{9D372804-2D9D-41A3-95DD-E5982F83EAAC}.Release|ARM.ActiveCfg = Release|Any CPU
		{9D372804-2D9D-41A3-95DD-E5982F83EAAC}.Release|ARM.Build.0 = Release|Any CPU
		{9D372804-2D9D-41A3-95DD-E5982F83EAAC}.Release|x64.ActiveCfg = Release|Any CPU
		{9D372804-2D9D-41A3-95DD-E5982F83EAAC}.Release|x64.Build.0 = Release|Any CPU
		{9D372804-2D9D-41A3-95DD-E5982F83EAAC}.Release|x86.ActiveCfg = Release|Any CPU
		{9D372804-2D9D-41A3-95DD-E5982F83EAAC}.Release|x86.Build.0 = Release|Any CPU
		{371E40C9-7F6F-4410-B478-318004ABA4B7}.Debug|Any CPU.ActiveCfg = Debug|Any CPU
		{371E40C9-7F6F-4410-B478-318004ABA4B7}.Debug|Any CPU.Build.0 = Debug|Any CPU
		{371E40C9-7F6F-4410-B478-318004ABA4B7}.Debug|Any CPU.Deploy.0 = Debug|Any CPU
		{371E40C9-7F6F-4410-B478-318004ABA4B7}.Debug|ARM.ActiveCfg = Debug|Any CPU
		{371E40C9-7F6F-4410-B478-318004ABA4B7}.Debug|ARM.Build.0 = Debug|Any CPU
		{371E40C9-7F6F-4410-B478-318004ABA4B7}.Debug|x64.ActiveCfg = Debug|Any CPU
		{371E40C9-7F6F-4410-B478-318004ABA4B7}.Debug|x64.Build.0 = Debug|Any CPU
		{371E40C9-7F6F-4410-B478-318004ABA4B7}.Debug|x86.ActiveCfg = Debug|Any CPU
		{371E40C9-7F6F-4410-B478-318004ABA4B7}.Debug|x86.Build.0 = Debug|Any CPU
		{371E40C9-7F6F-4410-B478-318004ABA4B7}.Release|Any CPU.ActiveCfg = Release|Any CPU
		{371E40C9-7F6F-4410-B478-318004ABA4B7}.Release|Any CPU.Build.0 = Release|Any CPU
		{371E40C9-7F6F-4410-B478-318004ABA4B7}.Release|ARM.ActiveCfg = Release|Any CPU
		{371E40C9-7F6F-4410-B478-318004ABA4B7}.Release|ARM.Build.0 = Release|Any CPU
		{371E40C9-7F6F-4410-B478-318004ABA4B7}.Release|x64.ActiveCfg = Release|Any CPU
		{371E40C9-7F6F-4410-B478-318004ABA4B7}.Release|x64.Build.0 = Release|Any CPU
		{371E40C9-7F6F-4410-B478-318004ABA4B7}.Release|x86.ActiveCfg = Release|Any CPU
		{371E40C9-7F6F-4410-B478-318004ABA4B7}.Release|x86.Build.0 = Release|Any CPU
		{4A708695-065F-46F9-AB90-82BF14B10439}.Debug|Any CPU.ActiveCfg = Debug|Any CPU
		{4A708695-065F-46F9-AB90-82BF14B10439}.Debug|Any CPU.Build.0 = Debug|Any CPU
		{4A708695-065F-46F9-AB90-82BF14B10439}.Debug|ARM.ActiveCfg = Debug|Any CPU
		{4A708695-065F-46F9-AB90-82BF14B10439}.Debug|ARM.Build.0 = Debug|Any CPU
		{4A708695-065F-46F9-AB90-82BF14B10439}.Debug|x64.ActiveCfg = Debug|Any CPU
		{4A708695-065F-46F9-AB90-82BF14B10439}.Debug|x64.Build.0 = Debug|Any CPU
		{4A708695-065F-46F9-AB90-82BF14B10439}.Debug|x86.ActiveCfg = Debug|Any CPU
		{4A708695-065F-46F9-AB90-82BF14B10439}.Debug|x86.Build.0 = Debug|Any CPU
		{4A708695-065F-46F9-AB90-82BF14B10439}.Release|Any CPU.ActiveCfg = Release|Any CPU
		{4A708695-065F-46F9-AB90-82BF14B10439}.Release|Any CPU.Build.0 = Release|Any CPU
		{4A708695-065F-46F9-AB90-82BF14B10439}.Release|ARM.ActiveCfg = Release|Any CPU
		{4A708695-065F-46F9-AB90-82BF14B10439}.Release|ARM.Build.0 = Release|Any CPU
		{4A708695-065F-46F9-AB90-82BF14B10439}.Release|x64.ActiveCfg = Release|Any CPU
		{4A708695-065F-46F9-AB90-82BF14B10439}.Release|x64.Build.0 = Release|Any CPU
		{4A708695-065F-46F9-AB90-82BF14B10439}.Release|x86.ActiveCfg = Release|Any CPU
		{4A708695-065F-46F9-AB90-82BF14B10439}.Release|x86.Build.0 = Release|Any CPU
		{8C67DF8D-304A-4E7E-9211-12EBE5880960}.Debug|Any CPU.ActiveCfg = Debug|Any CPU
		{8C67DF8D-304A-4E7E-9211-12EBE5880960}.Debug|Any CPU.Build.0 = Debug|Any CPU
		{8C67DF8D-304A-4E7E-9211-12EBE5880960}.Debug|ARM.ActiveCfg = Debug|Any CPU
		{8C67DF8D-304A-4E7E-9211-12EBE5880960}.Debug|ARM.Build.0 = Debug|Any CPU
		{8C67DF8D-304A-4E7E-9211-12EBE5880960}.Debug|x64.ActiveCfg = Debug|Any CPU
		{8C67DF8D-304A-4E7E-9211-12EBE5880960}.Debug|x64.Build.0 = Debug|Any CPU
		{8C67DF8D-304A-4E7E-9211-12EBE5880960}.Debug|x86.ActiveCfg = Debug|Any CPU
		{8C67DF8D-304A-4E7E-9211-12EBE5880960}.Debug|x86.Build.0 = Debug|Any CPU
		{8C67DF8D-304A-4E7E-9211-12EBE5880960}.Release|Any CPU.ActiveCfg = Release|Any CPU
		{8C67DF8D-304A-4E7E-9211-12EBE5880960}.Release|Any CPU.Build.0 = Release|Any CPU
		{8C67DF8D-304A-4E7E-9211-12EBE5880960}.Release|ARM.ActiveCfg = Release|Any CPU
		{8C67DF8D-304A-4E7E-9211-12EBE5880960}.Release|ARM.Build.0 = Release|Any CPU
		{8C67DF8D-304A-4E7E-9211-12EBE5880960}.Release|x64.ActiveCfg = Release|Any CPU
		{8C67DF8D-304A-4E7E-9211-12EBE5880960}.Release|x64.Build.0 = Release|Any CPU
		{8C67DF8D-304A-4E7E-9211-12EBE5880960}.Release|x86.ActiveCfg = Release|Any CPU
		{8C67DF8D-304A-4E7E-9211-12EBE5880960}.Release|x86.Build.0 = Release|Any CPU
		{C436AE48-EC96-480C-8247-4B4EA17A9327}.Debug|Any CPU.ActiveCfg = Debug|Any CPU
		{C436AE48-EC96-480C-8247-4B4EA17A9327}.Debug|Any CPU.Build.0 = Debug|Any CPU
		{C436AE48-EC96-480C-8247-4B4EA17A9327}.Debug|ARM.ActiveCfg = Debug|Any CPU
		{C436AE48-EC96-480C-8247-4B4EA17A9327}.Debug|ARM.Build.0 = Debug|Any CPU
		{C436AE48-EC96-480C-8247-4B4EA17A9327}.Debug|x64.ActiveCfg = Debug|Any CPU
		{C436AE48-EC96-480C-8247-4B4EA17A9327}.Debug|x64.Build.0 = Debug|Any CPU
		{C436AE48-EC96-480C-8247-4B4EA17A9327}.Debug|x86.ActiveCfg = Debug|Any CPU
		{C436AE48-EC96-480C-8247-4B4EA17A9327}.Debug|x86.Build.0 = Debug|Any CPU
		{C436AE48-EC96-480C-8247-4B4EA17A9327}.Release|Any CPU.ActiveCfg = Release|Any CPU
		{C436AE48-EC96-480C-8247-4B4EA17A9327}.Release|Any CPU.Build.0 = Release|Any CPU
		{C436AE48-EC96-480C-8247-4B4EA17A9327}.Release|ARM.ActiveCfg = Release|Any CPU
		{C436AE48-EC96-480C-8247-4B4EA17A9327}.Release|ARM.Build.0 = Release|Any CPU
		{C436AE48-EC96-480C-8247-4B4EA17A9327}.Release|x64.ActiveCfg = Release|Any CPU
		{C436AE48-EC96-480C-8247-4B4EA17A9327}.Release|x64.Build.0 = Release|Any CPU
		{C436AE48-EC96-480C-8247-4B4EA17A9327}.Release|x86.ActiveCfg = Release|Any CPU
		{C436AE48-EC96-480C-8247-4B4EA17A9327}.Release|x86.Build.0 = Release|Any CPU
		{E7C3BE5F-9475-4221-AFDF-C5B19F262DDE}.Debug|Any CPU.ActiveCfg = Debug|Any CPU
		{E7C3BE5F-9475-4221-AFDF-C5B19F262DDE}.Debug|Any CPU.Build.0 = Debug|Any CPU
		{E7C3BE5F-9475-4221-AFDF-C5B19F262DDE}.Debug|ARM.ActiveCfg = Debug|Any CPU
		{E7C3BE5F-9475-4221-AFDF-C5B19F262DDE}.Debug|ARM.Build.0 = Debug|Any CPU
		{E7C3BE5F-9475-4221-AFDF-C5B19F262DDE}.Debug|x64.ActiveCfg = Debug|Any CPU
		{E7C3BE5F-9475-4221-AFDF-C5B19F262DDE}.Debug|x64.Build.0 = Debug|Any CPU
		{E7C3BE5F-9475-4221-AFDF-C5B19F262DDE}.Debug|x86.ActiveCfg = Debug|Any CPU
		{E7C3BE5F-9475-4221-AFDF-C5B19F262DDE}.Debug|x86.Build.0 = Debug|Any CPU
		{E7C3BE5F-9475-4221-AFDF-C5B19F262DDE}.Release|Any CPU.ActiveCfg = Release|Any CPU
		{E7C3BE5F-9475-4221-AFDF-C5B19F262DDE}.Release|Any CPU.Build.0 = Release|Any CPU
		{E7C3BE5F-9475-4221-AFDF-C5B19F262DDE}.Release|ARM.ActiveCfg = Release|Any CPU
		{E7C3BE5F-9475-4221-AFDF-C5B19F262DDE}.Release|ARM.Build.0 = Release|Any CPU
		{E7C3BE5F-9475-4221-AFDF-C5B19F262DDE}.Release|x64.ActiveCfg = Release|Any CPU
		{E7C3BE5F-9475-4221-AFDF-C5B19F262DDE}.Release|x64.Build.0 = Release|Any CPU
		{E7C3BE5F-9475-4221-AFDF-C5B19F262DDE}.Release|x86.ActiveCfg = Release|Any CPU
		{E7C3BE5F-9475-4221-AFDF-C5B19F262DDE}.Release|x86.Build.0 = Release|Any CPU
	EndGlobalSection
	GlobalSection(SolutionProperties) = preSolution
		HideSolutionNode = FALSE
	EndGlobalSection
	GlobalSection(NestedProjects) = preSolution
		{9D372804-2D9D-41A3-95DD-E5982F83EAAC} = {50FA0D1A-3A39-4CAF-AA1B-5F2EF3A99F83}
		{4A708695-065F-46F9-AB90-82BF14B10439} = {50FA0D1A-3A39-4CAF-AA1B-5F2EF3A99F83}
		{8C67DF8D-304A-4E7E-9211-12EBE5880960} = {50FA0D1A-3A39-4CAF-AA1B-5F2EF3A99F83}
		{C436AE48-EC96-480C-8247-4B4EA17A9327} = {50FA0D1A-3A39-4CAF-AA1B-5F2EF3A99F83}
	EndGlobalSection
	GlobalSection(ExtensibilityGlobals) = postSolution
		EnterpriseLibraryConfigurationToolBinariesPathV6 = packages\EnterpriseLibrary.TransientFaultHandling.6.0.1304.0\lib\portable-net45+win+wp8;packages\EnterpriseLibrary.TransientFaultHandling.Data.6.0.1304.1\lib\NET45
	EndGlobalSection
EndGlobal
